// !$*UTF8*$!
{
	archiveVersion = 1;
	classes = {
	};
	objectVersion = 46;
	objects = {

/* Begin PBXBuildFile section */
		9F1CCC1A1E67F57200F218F8 /* SyncController.cpp in Sources */ = {isa = PBXBuildFile; fileRef = 9F1CCC181E67F57200F218F8 /* SyncController.cpp */; };
		9FC16A9E1E74E8E80040661D /* GenericAssetManager.cpp in Sources */ = {isa = PBXBuildFile; fileRef = 9FC16A9C1E74E8E80040661D /* GenericAssetManager.cpp */; };
		9FC16A9F1E74E8E80040661D /* GenericAssetManager.cpp in Sources */ = {isa = PBXBuildFile; fileRef = 9FC16A9C1E74E8E80040661D /* GenericAssetManager.cpp */; };
		9FCE470F1E655C79002F4A3E /* WaveData.cpp in Sources */ = {isa = PBXBuildFile; fileRef = 9FCE470D1E655C79002F4A3E /* WaveData.cpp */; };
		9FCE47121E655D8B002F4A3E /* LevelData.cpp in Sources */ = {isa = PBXBuildFile; fileRef = 9FCE47101E655D8B002F4A3E /* LevelData.cpp */; };
		9FCE471C1E667448002F4A3E /* SwitchController.cpp in Sources */ = {isa = PBXBuildFile; fileRef = 9FCE471A1E667448002F4A3E /* SwitchController.cpp */; };
		9FCE471F1E6686DF002F4A3E /* Mode.cpp in Sources */ = {isa = PBXBuildFile; fileRef = 9FCE471D1E6686DF002F4A3E /* Mode.cpp */; };
		9FE8E9DA1E6381B100DBE3BC /* MenuController.cpp in Sources */ = {isa = PBXBuildFile; fileRef = 9FE8E9D81E6381B100DBE3BC /* MenuController.cpp */; };
		9FE8E9DD1E6381D400DBE3BC /* MenuGraph.cpp in Sources */ = {isa = PBXBuildFile; fileRef = 9FE8E9DB1E6381D400DBE3BC /* MenuGraph.cpp */; };
		9FE8E9E01E63820E00DBE3BC /* MenuScreenData.cpp in Sources */ = {isa = PBXBuildFile; fileRef = 9FE8E9DE1E63820E00DBE3BC /* MenuScreenData.cpp */; };
		9FE8E9E41E6382BC00DBE3BC /* AnimationController.cpp in Sources */ = {isa = PBXBuildFile; fileRef = 9FE8E9E21E6382BC00DBE3BC /* AnimationController.cpp */; };
		9FE8E9E71E6382C800DBE3BC /* ActiveAnimation.cpp in Sources */ = {isa = PBXBuildFile; fileRef = 9FE8E9E51E6382C800DBE3BC /* ActiveAnimation.cpp */; };
		9FFA3F601E624F1A0029D648 /* Element.cpp in Sources */ = {isa = PBXBuildFile; fileRef = 9FFA3F5E1E624F1A0029D648 /* Element.cpp */; };
		9FFA3F6C1E634F3A0029D648 /* GameObject.cpp in Sources */ = {isa = PBXBuildFile; fileRef = 9FFA3F6A1E634F3A0029D648 /* GameObject.cpp */; };
		9FFA3F761E63574E0029D648 /* PhysicsComponent.cpp in Sources */ = {isa = PBXBuildFile; fileRef = 9FFA3F741E63574E0029D648 /* PhysicsComponent.cpp */; };
		9FFA3F7A1E6357D10029D648 /* Subject.cpp in Sources */ = {isa = PBXBuildFile; fileRef = 9FFA3F781E6357D10029D648 /* Subject.cpp */; };
		9FFA3F7D1E6357E00029D648 /* Observer.cpp in Sources */ = {isa = PBXBuildFile; fileRef = 9FFA3F7B1E6357E00029D648 /* Observer.cpp */; };
		9FFA3F821E635ACF0029D648 /* Event.cpp in Sources */ = {isa = PBXBuildFile; fileRef = 9FFA3F801E635ACF0029D648 /* Event.cpp */; };
		9FFA3F881E635FD10029D648 /* CollisionEvent.cpp in Sources */ = {isa = PBXBuildFile; fileRef = 9FFA3F861E635FD10029D648 /* CollisionEvent.cpp */; };
		9FFA3F8B1E6362570029D648 /* CollisionController.cpp in Sources */ = {isa = PBXBuildFile; fileRef = 9FFA3F891E6362570029D648 /* CollisionController.cpp */; };
		9FFA3F911E6363030029D648 /* BaseController.cpp in Sources */ = {isa = PBXBuildFile; fileRef = 9FFA3F8F1E6363030029D648 /* BaseController.cpp */; };
		9FFA3F951E6364C70029D648 /* Path.cpp in Sources */ = {isa = PBXBuildFile; fileRef = 9FFA3F931E6364C70029D648 /* Path.cpp */; };
		9FFA3F981E6365390029D648 /* PathController.cpp in Sources */ = {isa = PBXBuildFile; fileRef = 9FFA3F961E6365390029D648 /* PathController.cpp */; };
		9FFA3F9F1E6365840029D648 /* PathEvent.cpp in Sources */ = {isa = PBXBuildFile; fileRef = 9FFA3F9D1E6365840029D648 /* PathEvent.cpp */; };
		9FFA3FA61E6367C60029D648 /* ActivePath.cpp in Sources */ = {isa = PBXBuildFile; fileRef = 9FFA3FA41E6367C60029D648 /* ActivePath.cpp */; };
		9FFA3FA91E6368480029D648 /* MoveController.cpp in Sources */ = {isa = PBXBuildFile; fileRef = 9FFA3FA71E6368480029D648 /* MoveController.cpp */; };
		9FFA3FAD1E636B430029D648 /* GameState.cpp in Sources */ = {isa = PBXBuildFile; fileRef = 9FFA3FAB1E636B430029D648 /* GameState.cpp */; };
		9FFA3FB01E636B780029D648 /* AIController.cpp in Sources */ = {isa = PBXBuildFile; fileRef = 9FFA3FAE1E636B780029D648 /* AIController.cpp */; };
		9FFA3FB81E636C540029D648 /* LevelController.cpp in Sources */ = {isa = PBXBuildFile; fileRef = 9FFA3FB61E636C540029D648 /* LevelController.cpp */; };
		9FFA3FBE1E636CF90029D648 /* Level.cpp in Sources */ = {isa = PBXBuildFile; fileRef = 9FFA3FBC1E636CF90029D648 /* Level.cpp */; };
		9FFA3FC11E636D220029D648 /* World.cpp in Sources */ = {isa = PBXBuildFile; fileRef = 9FFA3FBF1E636D220029D648 /* World.cpp */; };
		9FFA3FC41E636EF80029D648 /* ObjectData.cpp in Sources */ = {isa = PBXBuildFile; fileRef = 9FFA3FC21E636EF80029D648 /* ObjectData.cpp */; };
		9FFA3FCC1E6372670029D648 /* ShapeData.cpp in Sources */ = {isa = PBXBuildFile; fileRef = 9FFA3FCA1E6372670029D648 /* ShapeData.cpp */; };
		9FFA3FCF1E6372830029D648 /* AnimationData.cpp in Sources */ = {isa = PBXBuildFile; fileRef = 9FFA3FCD1E6372830029D648 /* AnimationData.cpp */; };
		9FFA3FD51E6373190029D648 /* pathData.cpp in Sources */ = {isa = PBXBuildFile; fileRef = 9FFA3FD31E6373190029D648 /* pathData.cpp */; };
		9FFA3FD81E6373470029D648 /* LoadController.cpp in Sources */ = {isa = PBXBuildFile; fileRef = 9FFA3FD61E6373470029D648 /* LoadController.cpp */; };
		9FFA3FDC1E6373770029D648 /* LevelEvent.cpp in Sources */ = {isa = PBXBuildFile; fileRef = 9FFA3FDA1E6373770029D648 /* LevelEvent.cpp */; };
		9FFA3FE21E6374C90029D648 /* Data.cpp in Sources */ = {isa = PBXBuildFile; fileRef = 9FFA3FE01E6374C90029D648 /* Data.cpp */; };
		DFBD54671E60E4920027FCC1 /* GameEngine.cpp in Sources */ = {isa = PBXBuildFile; fileRef = DFBD54651E60E4920027FCC1 /* GameEngine.cpp */; };
		DFBD54681E60E4920027FCC1 /* GameEngine.cpp in Sources */ = {isa = PBXBuildFile; fileRef = DFBD54651E60E4920027FCC1 /* GameEngine.cpp */; };
		DFBD546F1E60E62D0027FCC1 /* GameplayController.cpp in Sources */ = {isa = PBXBuildFile; fileRef = DFBD546D1E60E62D0027FCC1 /* GameplayController.cpp */; };
		DFBD54701E60E62D0027FCC1 /* GameplayController.cpp in Sources */ = {isa = PBXBuildFile; fileRef = DFBD546D1E60E62D0027FCC1 /* GameplayController.cpp */; };
		EB2BE9B61D74952A002FE78B /* main.cpp in Sources */ = {isa = PBXBuildFile; fileRef = EB2BE9B41D74952A002FE78B /* main.cpp */; };
		EB2BE9B91D7498C9002FE78B /* fonts in Resources */ = {isa = PBXBuildFile; fileRef = EB2BE9B81D7498C9002FE78B /* fonts */; };
		EB2BE9BB1D7498D2002FE78B /* textures in Resources */ = {isa = PBXBuildFile; fileRef = EB2BE9BA1D7498D2002FE78B /* textures */; };
		EB2BE9C01D749908002FE78B /* Accelerate.framework in Frameworks */ = {isa = PBXBuildFile; fileRef = EB2BE9BD1D749908002FE78B /* Accelerate.framework */; };
		EB2BE9C11D749908002FE78B /* Carbon.framework in Frameworks */ = {isa = PBXBuildFile; fileRef = EB2BE9BE1D749908002FE78B /* Carbon.framework */; };
		EB2BE9C21D749908002FE78B /* Cocoa.framework in Frameworks */ = {isa = PBXBuildFile; fileRef = EB2BE9BF1D749908002FE78B /* Cocoa.framework */; };
		EB2BE9C51D749919002FE78B /* AudioToolbox.framework in Frameworks */ = {isa = PBXBuildFile; fileRef = EB2BE9C31D749919002FE78B /* AudioToolbox.framework */; };
		EB2BE9C61D749919002FE78B /* AudioUnit.framework in Frameworks */ = {isa = PBXBuildFile; fileRef = EB2BE9C41D749919002FE78B /* AudioUnit.framework */; };
		EB2BE9C91D749923002FE78B /* CoreAudio.framework in Frameworks */ = {isa = PBXBuildFile; fileRef = EB2BE9C71D749923002FE78B /* CoreAudio.framework */; };
		EB2BE9CA1D749923002FE78B /* CoreVideo.framework in Frameworks */ = {isa = PBXBuildFile; fileRef = EB2BE9C81D749923002FE78B /* CoreVideo.framework */; };
		EB2BE9CC1D749937002FE78B /* OpenGL.framework in Frameworks */ = {isa = PBXBuildFile; fileRef = EB2BE9CB1D749937002FE78B /* OpenGL.framework */; };
		EB2BE9CF1D749953002FE78B /* ForceFeedback.framework in Frameworks */ = {isa = PBXBuildFile; fileRef = EB2BE9CD1D749953002FE78B /* ForceFeedback.framework */; };
		EB2BE9D01D749953002FE78B /* IOKit.framework in Frameworks */ = {isa = PBXBuildFile; fileRef = EB2BE9CE1D749953002FE78B /* IOKit.framework */; };
		EB4EB1A71E340509007BCF09 /* libcugl-mac.a in Frameworks */ = {isa = PBXBuildFile; fileRef = EB4EB1A61E3404F3007BCF09 /* libcugl-mac.a */; };
		EB4EB1A81E340511007BCF09 /* libcugl-ios.a in Frameworks */ = {isa = PBXBuildFile; fileRef = EB4EB1A41E3404F3007BCF09 /* libcugl-ios.a */; };
		EB7454AB1D74D846002FBAE6 /* iOS.xcassets in Resources */ = {isa = PBXBuildFile; fileRef = EB7454A71D74D846002FBAE6 /* iOS.xcassets */; };
		EB7454AC1D74D846002FBAE6 /* Landscape.storyboard in Resources */ = {isa = PBXBuildFile; fileRef = EB7454A81D74D846002FBAE6 /* Landscape.storyboard */; };
		EB7454AD1D74D846002FBAE6 /* Portrait.storyboard in Resources */ = {isa = PBXBuildFile; fileRef = EB7454A91D74D846002FBAE6 /* Portrait.storyboard */; };
		EB7454AE1D74D891002FBAE6 /* main.cpp in Sources */ = {isa = PBXBuildFile; fileRef = EB2BE9B41D74952A002FE78B /* main.cpp */; };
		EB7454D01D750623002FBAE6 /* textures in Resources */ = {isa = PBXBuildFile; fileRef = EB2BE9BA1D7498D2002FE78B /* textures */; };
		EB7454D11D750623002FBAE6 /* fonts in Resources */ = {isa = PBXBuildFile; fileRef = EB2BE9B81D7498C9002FE78B /* fonts */; };
		EBBF189B1D74904A008E2001 /* Mac.xcassets in Resources */ = {isa = PBXBuildFile; fileRef = EBBF189A1D74904A008E2001 /* Mac.xcassets */; };
		EBC147151E27F07C005494CE /* AVFoundation.framework in Frameworks */ = {isa = PBXBuildFile; fileRef = EBC147141E27F07C005494CE /* AVFoundation.framework */; };
		EBC1471A1E27F0A8005494CE /* CoreGraphics.framework in Frameworks */ = {isa = PBXBuildFile; fileRef = EBC147191E27F0A8005494CE /* CoreGraphics.framework */; };
		EBC1471C1E27F0BB005494CE /* ImageIO.framework in Frameworks */ = {isa = PBXBuildFile; fileRef = EBC1471B1E27F0BB005494CE /* ImageIO.framework */; };
		EBC147211E27F122005494CE /* CoreAudio.framework in Frameworks */ = {isa = PBXBuildFile; fileRef = EBC1471E1E27F122005494CE /* CoreAudio.framework */; };
		EBC147221E27F122005494CE /* CoreGraphics.framework in Frameworks */ = {isa = PBXBuildFile; fileRef = EBC1471F1E27F122005494CE /* CoreGraphics.framework */; };
		EBC147231E27F122005494CE /* CoreVideo.framework in Frameworks */ = {isa = PBXBuildFile; fileRef = EBC147201E27F122005494CE /* CoreVideo.framework */; };
		EBC147261E27F13E005494CE /* OpenGLES.framework in Frameworks */ = {isa = PBXBuildFile; fileRef = EBC147241E27F13E005494CE /* OpenGLES.framework */; };
		EBC147271E27F13E005494CE /* QuartzCore.framework in Frameworks */ = {isa = PBXBuildFile; fileRef = EBC147251E27F13E005494CE /* QuartzCore.framework */; };
		EBC1472A1E27F167005494CE /* ImageIO.framework in Frameworks */ = {isa = PBXBuildFile; fileRef = EBC147281E27F167005494CE /* ImageIO.framework */; };
		EBC1472B1E27F167005494CE /* UIKit.framework in Frameworks */ = {isa = PBXBuildFile; fileRef = EBC147291E27F167005494CE /* UIKit.framework */; };
		EBC1472E1E27F190005494CE /* Accelerate.framework in Frameworks */ = {isa = PBXBuildFile; fileRef = EBC1472C1E27F190005494CE /* Accelerate.framework */; };
		EBC1472F1E27F190005494CE /* Foundation.framework in Frameworks */ = {isa = PBXBuildFile; fileRef = EBC1472D1E27F190005494CE /* Foundation.framework */; };
		EBC147311E27F19E005494CE /* GameController.framework in Frameworks */ = {isa = PBXBuildFile; fileRef = EBC147301E27F19E005494CE /* GameController.framework */; };
		EBC147331E27F1B1005494CE /* MobileCoreServices.framework in Frameworks */ = {isa = PBXBuildFile; fileRef = EBC147321E27F1B1005494CE /* MobileCoreServices.framework */; };
		EBC147361E27F1C1005494CE /* AudioToolbox.framework in Frameworks */ = {isa = PBXBuildFile; fileRef = EBC147341E27F1C1005494CE /* AudioToolbox.framework */; };
		EBC147371E27F1C1005494CE /* AVFoundation.framework in Frameworks */ = {isa = PBXBuildFile; fileRef = EBC147351E27F1C1005494CE /* AVFoundation.framework */; };
		EBC147391E27F254005494CE /* CoreMotion.framework in Frameworks */ = {isa = PBXBuildFile; fileRef = EBC147381E27F254005494CE /* CoreMotion.framework */; };
		EBFE7C051E19B496001007C2 /* json in Resources */ = {isa = PBXBuildFile; fileRef = EBFE7C041E19B496001007C2 /* json */; };
		EBFE7C091E19B4AC001007C2 /* json in Resources */ = {isa = PBXBuildFile; fileRef = EBFE7C041E19B496001007C2 /* json */; };
/* End PBXBuildFile section */

/* Begin PBXContainerItemProxy section */
		EB4EB1A31E3404F3007BCF09 /* PBXContainerItemProxy */ = {
			isa = PBXContainerItemProxy;
			containerPortal = EB4EB19D1E3404F3007BCF09 /* CUGL.xcodeproj */;
			proxyType = 2;
			remoteGlobalIDString = EB7453D71D74B0C5002FBAE6;
			remoteInfo = "cugl-ios";
		};
		EB4EB1A51E3404F3007BCF09 /* PBXContainerItemProxy */ = {
			isa = PBXContainerItemProxy;
			containerPortal = EB4EB19D1E3404F3007BCF09 /* CUGL.xcodeproj */;
			proxyType = 2;
			remoteGlobalIDString = EBBF18071D7485D1008E2001;
			remoteInfo = "cugl-mac";
		};
/* End PBXContainerItemProxy section */

/* Begin PBXFileReference section */
		9F1CCC181E67F57200F218F8 /* SyncController.cpp */ = {isa = PBXFileReference; fileEncoding = 4; lastKnownFileType = sourcecode.cpp.cpp; path = SyncController.cpp; sourceTree = "<group>"; };
		9F1CCC191E67F57200F218F8 /* SyncController.hpp */ = {isa = PBXFileReference; fileEncoding = 4; lastKnownFileType = sourcecode.cpp.h; path = SyncController.hpp; sourceTree = "<group>"; };
		9F1CCC1F1E692F3B00F218F8 /* PathParameters.h */ = {isa = PBXFileReference; fileEncoding = 4; lastKnownFileType = sourcecode.c.h; path = PathParameters.h; sourceTree = "<group>"; };
		9F1CCC231E694A1C00F218F8 /* MoveEvent.hpp */ = {isa = PBXFileReference; fileEncoding = 4; lastKnownFileType = sourcecode.cpp.h; path = MoveEvent.hpp; sourceTree = "<group>"; };
		9FC16A9C1E74E8E80040661D /* GenericAssetManager.cpp */ = {isa = PBXFileReference; fileEncoding = 4; lastKnownFileType = sourcecode.cpp.cpp; path = GenericAssetManager.cpp; sourceTree = "<group>"; };
		9FC16A9D1E74E8E80040661D /* GenericAssetManager.hpp */ = {isa = PBXFileReference; fileEncoding = 4; lastKnownFileType = sourcecode.cpp.h; path = GenericAssetManager.hpp; sourceTree = "<group>"; };
		9FCE470D1E655C79002F4A3E /* WaveData.cpp */ = {isa = PBXFileReference; fileEncoding = 4; lastKnownFileType = sourcecode.cpp.cpp; path = WaveData.cpp; sourceTree = "<group>"; };
		9FCE470E1E655C79002F4A3E /* WaveData.hpp */ = {isa = PBXFileReference; fileEncoding = 4; lastKnownFileType = sourcecode.cpp.h; path = WaveData.hpp; sourceTree = "<group>"; };
		9FCE47101E655D8B002F4A3E /* LevelData.cpp */ = {isa = PBXFileReference; fileEncoding = 4; lastKnownFileType = sourcecode.cpp.cpp; path = LevelData.cpp; sourceTree = "<group>"; };
		9FCE47111E655D8B002F4A3E /* LevelData.hpp */ = {isa = PBXFileReference; fileEncoding = 4; lastKnownFileType = sourcecode.cpp.h; path = LevelData.hpp; sourceTree = "<group>"; };
		9FCE471A1E667448002F4A3E /* SwitchController.cpp */ = {isa = PBXFileReference; fileEncoding = 4; lastKnownFileType = sourcecode.cpp.cpp; path = SwitchController.cpp; sourceTree = "<group>"; };
		9FCE471B1E667448002F4A3E /* SwitchController.hpp */ = {isa = PBXFileReference; fileEncoding = 4; lastKnownFileType = sourcecode.cpp.h; path = SwitchController.hpp; sourceTree = "<group>"; };
		9FCE471D1E6686DF002F4A3E /* Mode.cpp */ = {isa = PBXFileReference; fileEncoding = 4; lastKnownFileType = sourcecode.cpp.cpp; path = Mode.cpp; sourceTree = "<group>"; };
		9FCE471E1E6686DF002F4A3E /* Mode.hpp */ = {isa = PBXFileReference; fileEncoding = 4; lastKnownFileType = sourcecode.cpp.h; path = Mode.hpp; sourceTree = "<group>"; };
		9FE8E9D81E6381B100DBE3BC /* MenuController.cpp */ = {isa = PBXFileReference; fileEncoding = 4; lastKnownFileType = sourcecode.cpp.cpp; path = MenuController.cpp; sourceTree = "<group>"; };
		9FE8E9D91E6381B100DBE3BC /* MenuController.hpp */ = {isa = PBXFileReference; fileEncoding = 4; lastKnownFileType = sourcecode.cpp.h; path = MenuController.hpp; sourceTree = "<group>"; };
		9FE8E9DB1E6381D400DBE3BC /* MenuGraph.cpp */ = {isa = PBXFileReference; fileEncoding = 4; lastKnownFileType = sourcecode.cpp.cpp; path = MenuGraph.cpp; sourceTree = "<group>"; };
		9FE8E9DC1E6381D400DBE3BC /* MenuGraph.hpp */ = {isa = PBXFileReference; fileEncoding = 4; lastKnownFileType = sourcecode.cpp.h; path = MenuGraph.hpp; sourceTree = "<group>"; };
		9FE8E9DE1E63820E00DBE3BC /* MenuScreenData.cpp */ = {isa = PBXFileReference; fileEncoding = 4; lastKnownFileType = sourcecode.cpp.cpp; path = MenuScreenData.cpp; sourceTree = "<group>"; };
		9FE8E9DF1E63820E00DBE3BC /* MenuScreenData.hpp */ = {isa = PBXFileReference; fileEncoding = 4; lastKnownFileType = sourcecode.cpp.h; path = MenuScreenData.hpp; sourceTree = "<group>"; };
		9FE8E9E21E6382BC00DBE3BC /* AnimationController.cpp */ = {isa = PBXFileReference; fileEncoding = 4; lastKnownFileType = sourcecode.cpp.cpp; path = AnimationController.cpp; sourceTree = "<group>"; };
		9FE8E9E31E6382BC00DBE3BC /* AnimationController.hpp */ = {isa = PBXFileReference; fileEncoding = 4; lastKnownFileType = sourcecode.cpp.h; path = AnimationController.hpp; sourceTree = "<group>"; };
		9FE8E9E51E6382C800DBE3BC /* ActiveAnimation.cpp */ = {isa = PBXFileReference; fileEncoding = 4; lastKnownFileType = sourcecode.cpp.cpp; path = ActiveAnimation.cpp; sourceTree = "<group>"; };
		9FE8E9E61E6382C800DBE3BC /* ActiveAnimation.hpp */ = {isa = PBXFileReference; fileEncoding = 4; lastKnownFileType = sourcecode.cpp.h; path = ActiveAnimation.hpp; sourceTree = "<group>"; };
		9FFA3F5E1E624F1A0029D648 /* Element.cpp */ = {isa = PBXFileReference; fileEncoding = 4; lastKnownFileType = sourcecode.cpp.cpp; path = Element.cpp; sourceTree = "<group>"; };
		9FFA3F5F1E624F1A0029D648 /* Element.hpp */ = {isa = PBXFileReference; fileEncoding = 4; lastKnownFileType = sourcecode.cpp.h; path = Element.hpp; sourceTree = "<group>"; };
		9FFA3F6A1E634F3A0029D648 /* GameObject.cpp */ = {isa = PBXFileReference; fileEncoding = 4; lastKnownFileType = sourcecode.cpp.cpp; path = GameObject.cpp; sourceTree = "<group>"; };
		9FFA3F6B1E634F3A0029D648 /* GameObject.hpp */ = {isa = PBXFileReference; fileEncoding = 4; lastKnownFileType = sourcecode.cpp.h; path = GameObject.hpp; sourceTree = "<group>"; };
		9FFA3F741E63574E0029D648 /* PhysicsComponent.cpp */ = {isa = PBXFileReference; fileEncoding = 4; lastKnownFileType = sourcecode.cpp.cpp; path = PhysicsComponent.cpp; sourceTree = "<group>"; };
		9FFA3F751E63574E0029D648 /* PhysicsComponent.hpp */ = {isa = PBXFileReference; fileEncoding = 4; lastKnownFileType = sourcecode.cpp.h; path = PhysicsComponent.hpp; sourceTree = "<group>"; };
		9FFA3F781E6357D10029D648 /* Subject.cpp */ = {isa = PBXFileReference; fileEncoding = 4; lastKnownFileType = sourcecode.cpp.cpp; path = Subject.cpp; sourceTree = "<group>"; };
		9FFA3F791E6357D10029D648 /* Subject.hpp */ = {isa = PBXFileReference; fileEncoding = 4; lastKnownFileType = sourcecode.cpp.h; path = Subject.hpp; sourceTree = "<group>"; };
		9FFA3F7B1E6357E00029D648 /* Observer.cpp */ = {isa = PBXFileReference; fileEncoding = 4; lastKnownFileType = sourcecode.cpp.cpp; path = Observer.cpp; sourceTree = "<group>"; };
		9FFA3F7C1E6357E00029D648 /* Observer.hpp */ = {isa = PBXFileReference; fileEncoding = 4; lastKnownFileType = sourcecode.cpp.h; path = Observer.hpp; sourceTree = "<group>"; };
		9FFA3F801E635ACF0029D648 /* Event.cpp */ = {isa = PBXFileReference; fileEncoding = 4; lastKnownFileType = sourcecode.cpp.cpp; path = Event.cpp; sourceTree = "<group>"; };
		9FFA3F811E635ACF0029D648 /* Event.hpp */ = {isa = PBXFileReference; fileEncoding = 4; lastKnownFileType = sourcecode.cpp.h; path = Event.hpp; sourceTree = "<group>"; };
		9FFA3F861E635FD10029D648 /* CollisionEvent.cpp */ = {isa = PBXFileReference; fileEncoding = 4; lastKnownFileType = sourcecode.cpp.cpp; path = CollisionEvent.cpp; sourceTree = "<group>"; };
		9FFA3F871E635FD10029D648 /* CollisionEvent.hpp */ = {isa = PBXFileReference; fileEncoding = 4; lastKnownFileType = sourcecode.cpp.h; path = CollisionEvent.hpp; sourceTree = "<group>"; };
		9FFA3F891E6362570029D648 /* CollisionController.cpp */ = {isa = PBXFileReference; fileEncoding = 4; lastKnownFileType = sourcecode.cpp.cpp; path = CollisionController.cpp; sourceTree = "<group>"; };
		9FFA3F8A1E6362570029D648 /* CollisionController.hpp */ = {isa = PBXFileReference; fileEncoding = 4; lastKnownFileType = sourcecode.cpp.h; path = CollisionController.hpp; sourceTree = "<group>"; };
		9FFA3F8F1E6363030029D648 /* BaseController.cpp */ = {isa = PBXFileReference; fileEncoding = 4; lastKnownFileType = sourcecode.cpp.cpp; path = BaseController.cpp; sourceTree = "<group>"; };
		9FFA3F901E6363030029D648 /* BaseController.hpp */ = {isa = PBXFileReference; fileEncoding = 4; lastKnownFileType = sourcecode.cpp.h; path = BaseController.hpp; sourceTree = "<group>"; };
		9FFA3F931E6364C70029D648 /* Path.cpp */ = {isa = PBXFileReference; fileEncoding = 4; lastKnownFileType = sourcecode.cpp.cpp; path = Path.cpp; sourceTree = "<group>"; };
		9FFA3F941E6364C70029D648 /* Path.hpp */ = {isa = PBXFileReference; fileEncoding = 4; lastKnownFileType = sourcecode.cpp.h; path = Path.hpp; sourceTree = "<group>"; };
		9FFA3F961E6365390029D648 /* PathController.cpp */ = {isa = PBXFileReference; fileEncoding = 4; lastKnownFileType = sourcecode.cpp.cpp; path = PathController.cpp; sourceTree = "<group>"; };
		9FFA3F971E6365390029D648 /* PathController.hpp */ = {isa = PBXFileReference; fileEncoding = 4; lastKnownFileType = sourcecode.cpp.h; path = PathController.hpp; sourceTree = "<group>"; };
		9FFA3F9D1E6365840029D648 /* PathEvent.cpp */ = {isa = PBXFileReference; fileEncoding = 4; lastKnownFileType = sourcecode.cpp.cpp; path = PathEvent.cpp; sourceTree = "<group>"; };
		9FFA3F9E1E6365840029D648 /* PathEvent.hpp */ = {isa = PBXFileReference; fileEncoding = 4; lastKnownFileType = sourcecode.cpp.h; path = PathEvent.hpp; sourceTree = "<group>"; };
		9FFA3FA41E6367C60029D648 /* ActivePath.cpp */ = {isa = PBXFileReference; fileEncoding = 4; lastKnownFileType = sourcecode.cpp.cpp; path = ActivePath.cpp; sourceTree = "<group>"; };
		9FFA3FA51E6367C60029D648 /* ActivePath.hpp */ = {isa = PBXFileReference; fileEncoding = 4; lastKnownFileType = sourcecode.cpp.h; path = ActivePath.hpp; sourceTree = "<group>"; };
		9FFA3FA71E6368480029D648 /* MoveController.cpp */ = {isa = PBXFileReference; fileEncoding = 4; lastKnownFileType = sourcecode.cpp.cpp; path = MoveController.cpp; sourceTree = "<group>"; };
		9FFA3FA81E6368480029D648 /* MoveController.hpp */ = {isa = PBXFileReference; fileEncoding = 4; lastKnownFileType = sourcecode.cpp.h; path = MoveController.hpp; sourceTree = "<group>"; };
		9FFA3FAB1E636B430029D648 /* GameState.cpp */ = {isa = PBXFileReference; fileEncoding = 4; lastKnownFileType = sourcecode.cpp.cpp; path = GameState.cpp; sourceTree = "<group>"; };
		9FFA3FAC1E636B430029D648 /* GameState.hpp */ = {isa = PBXFileReference; fileEncoding = 4; lastKnownFileType = sourcecode.cpp.h; path = GameState.hpp; sourceTree = "<group>"; };
		9FFA3FAE1E636B780029D648 /* AIController.cpp */ = {isa = PBXFileReference; fileEncoding = 4; lastKnownFileType = sourcecode.cpp.cpp; path = AIController.cpp; sourceTree = "<group>"; };
		9FFA3FAF1E636B780029D648 /* AIController.hpp */ = {isa = PBXFileReference; fileEncoding = 4; lastKnownFileType = sourcecode.cpp.h; path = AIController.hpp; sourceTree = "<group>"; };
		9FFA3FB61E636C540029D648 /* LevelController.cpp */ = {isa = PBXFileReference; fileEncoding = 4; lastKnownFileType = sourcecode.cpp.cpp; path = LevelController.cpp; sourceTree = "<group>"; };
		9FFA3FB71E636C540029D648 /* LevelController.hpp */ = {isa = PBXFileReference; fileEncoding = 4; lastKnownFileType = sourcecode.cpp.h; path = LevelController.hpp; sourceTree = "<group>"; };
		9FFA3FBC1E636CF90029D648 /* Level.cpp */ = {isa = PBXFileReference; fileEncoding = 4; lastKnownFileType = sourcecode.cpp.cpp; path = Level.cpp; sourceTree = "<group>"; };
		9FFA3FBD1E636CF90029D648 /* Level.hpp */ = {isa = PBXFileReference; fileEncoding = 4; lastKnownFileType = sourcecode.cpp.h; path = Level.hpp; sourceTree = "<group>"; };
		9FFA3FBF1E636D220029D648 /* World.cpp */ = {isa = PBXFileReference; fileEncoding = 4; lastKnownFileType = sourcecode.cpp.cpp; path = World.cpp; sourceTree = "<group>"; };
		9FFA3FC01E636D220029D648 /* World.hpp */ = {isa = PBXFileReference; fileEncoding = 4; lastKnownFileType = sourcecode.cpp.h; path = World.hpp; sourceTree = "<group>"; };
		9FFA3FC21E636EF80029D648 /* ObjectData.cpp */ = {isa = PBXFileReference; fileEncoding = 4; lastKnownFileType = sourcecode.cpp.cpp; path = ObjectData.cpp; sourceTree = "<group>"; };
		9FFA3FC31E636EF80029D648 /* ObjectData.hpp */ = {isa = PBXFileReference; fileEncoding = 4; lastKnownFileType = sourcecode.cpp.h; path = ObjectData.hpp; sourceTree = "<group>"; };
		9FFA3FCA1E6372670029D648 /* ShapeData.cpp */ = {isa = PBXFileReference; fileEncoding = 4; lastKnownFileType = sourcecode.cpp.cpp; path = ShapeData.cpp; sourceTree = "<group>"; };
		9FFA3FCB1E6372670029D648 /* ShapeData.hpp */ = {isa = PBXFileReference; fileEncoding = 4; lastKnownFileType = sourcecode.cpp.h; path = ShapeData.hpp; sourceTree = "<group>"; };
		9FFA3FCD1E6372830029D648 /* AnimationData.cpp */ = {isa = PBXFileReference; fileEncoding = 4; lastKnownFileType = sourcecode.cpp.cpp; path = AnimationData.cpp; sourceTree = "<group>"; };
		9FFA3FCE1E6372830029D648 /* AnimationData.hpp */ = {isa = PBXFileReference; fileEncoding = 4; lastKnownFileType = sourcecode.cpp.h; path = AnimationData.hpp; sourceTree = "<group>"; };
		9FFA3FD31E6373190029D648 /* pathData.cpp */ = {isa = PBXFileReference; fileEncoding = 4; lastKnownFileType = sourcecode.cpp.cpp; path = pathData.cpp; sourceTree = "<group>"; };
		9FFA3FD41E6373190029D648 /* pathData.hpp */ = {isa = PBXFileReference; fileEncoding = 4; lastKnownFileType = sourcecode.cpp.h; path = pathData.hpp; sourceTree = "<group>"; };
		9FFA3FD61E6373470029D648 /* LoadController.cpp */ = {isa = PBXFileReference; fileEncoding = 4; lastKnownFileType = sourcecode.cpp.cpp; path = LoadController.cpp; sourceTree = "<group>"; };
		9FFA3FD71E6373470029D648 /* LoadController.hpp */ = {isa = PBXFileReference; fileEncoding = 4; lastKnownFileType = sourcecode.cpp.h; path = LoadController.hpp; sourceTree = "<group>"; };
		9FFA3FDA1E6373770029D648 /* LevelEvent.cpp */ = {isa = PBXFileReference; fileEncoding = 4; lastKnownFileType = sourcecode.cpp.cpp; path = LevelEvent.cpp; sourceTree = "<group>"; };
		9FFA3FDB1E6373770029D648 /* LevelEvent.hpp */ = {isa = PBXFileReference; fileEncoding = 4; lastKnownFileType = sourcecode.cpp.h; path = LevelEvent.hpp; sourceTree = "<group>"; };
		9FFA3FE01E6374C90029D648 /* Data.cpp */ = {isa = PBXFileReference; fileEncoding = 4; lastKnownFileType = sourcecode.cpp.cpp; path = Data.cpp; sourceTree = "<group>"; };
		9FFA3FE11E6374C90029D648 /* Data.hpp */ = {isa = PBXFileReference; fileEncoding = 4; lastKnownFileType = sourcecode.cpp.h; path = Data.hpp; sourceTree = "<group>"; };
		DFBD54651E60E4920027FCC1 /* GameEngine.cpp */ = {isa = PBXFileReference; fileEncoding = 4; lastKnownFileType = sourcecode.cpp.cpp; path = GameEngine.cpp; sourceTree = "<group>"; };
		DFBD54661E60E4920027FCC1 /* GameEngine.hpp */ = {isa = PBXFileReference; fileEncoding = 4; lastKnownFileType = sourcecode.cpp.h; path = GameEngine.hpp; sourceTree = "<group>"; };
		DFBD546D1E60E62D0027FCC1 /* GameplayController.cpp */ = {isa = PBXFileReference; fileEncoding = 4; lastKnownFileType = sourcecode.cpp.cpp; path = GameplayController.cpp; sourceTree = "<group>"; };
		DFBD546E1E60E62D0027FCC1 /* GameplayController.hpp */ = {isa = PBXFileReference; fileEncoding = 4; lastKnownFileType = sourcecode.cpp.h; path = GameplayController.hpp; sourceTree = "<group>"; };
		EB2BE9B41D74952A002FE78B /* main.cpp */ = {isa = PBXFileReference; fileEncoding = 4; lastKnownFileType = sourcecode.cpp.cpp; path = main.cpp; sourceTree = "<group>"; };
		EB2BE9B81D7498C9002FE78B /* fonts */ = {isa = PBXFileReference; lastKnownFileType = folder; path = fonts; sourceTree = "<group>"; };
		EB2BE9BA1D7498D2002FE78B /* textures */ = {isa = PBXFileReference; lastKnownFileType = folder; path = textures; sourceTree = "<group>"; };
		EB2BE9BD1D749908002FE78B /* Accelerate.framework */ = {isa = PBXFileReference; lastKnownFileType = wrapper.framework; name = Accelerate.framework; path = System/Library/Frameworks/Accelerate.framework; sourceTree = SDKROOT; };
		EB2BE9BE1D749908002FE78B /* Carbon.framework */ = {isa = PBXFileReference; lastKnownFileType = wrapper.framework; name = Carbon.framework; path = System/Library/Frameworks/Carbon.framework; sourceTree = SDKROOT; };
		EB2BE9BF1D749908002FE78B /* Cocoa.framework */ = {isa = PBXFileReference; lastKnownFileType = wrapper.framework; name = Cocoa.framework; path = System/Library/Frameworks/Cocoa.framework; sourceTree = SDKROOT; };
		EB2BE9C31D749919002FE78B /* AudioToolbox.framework */ = {isa = PBXFileReference; lastKnownFileType = wrapper.framework; name = AudioToolbox.framework; path = System/Library/Frameworks/AudioToolbox.framework; sourceTree = SDKROOT; };
		EB2BE9C41D749919002FE78B /* AudioUnit.framework */ = {isa = PBXFileReference; lastKnownFileType = wrapper.framework; name = AudioUnit.framework; path = System/Library/Frameworks/AudioUnit.framework; sourceTree = SDKROOT; };
		EB2BE9C71D749923002FE78B /* CoreAudio.framework */ = {isa = PBXFileReference; lastKnownFileType = wrapper.framework; name = CoreAudio.framework; path = System/Library/Frameworks/CoreAudio.framework; sourceTree = SDKROOT; };
		EB2BE9C81D749923002FE78B /* CoreVideo.framework */ = {isa = PBXFileReference; lastKnownFileType = wrapper.framework; name = CoreVideo.framework; path = System/Library/Frameworks/CoreVideo.framework; sourceTree = SDKROOT; };
		EB2BE9CB1D749937002FE78B /* OpenGL.framework */ = {isa = PBXFileReference; lastKnownFileType = wrapper.framework; name = OpenGL.framework; path = System/Library/Frameworks/OpenGL.framework; sourceTree = SDKROOT; };
		EB2BE9CD1D749953002FE78B /* ForceFeedback.framework */ = {isa = PBXFileReference; lastKnownFileType = wrapper.framework; name = ForceFeedback.framework; path = System/Library/Frameworks/ForceFeedback.framework; sourceTree = SDKROOT; };
		EB2BE9CE1D749953002FE78B /* IOKit.framework */ = {isa = PBXFileReference; lastKnownFileType = wrapper.framework; name = IOKit.framework; path = System/Library/Frameworks/IOKit.framework; sourceTree = SDKROOT; };
		EB4EB19D1E3404F3007BCF09 /* CUGL.xcodeproj */ = {isa = PBXFileReference; lastKnownFileType = "wrapper.pb-project"; name = CUGL.xcodeproj; path = "../cugl/build-apple/CUGL.xcodeproj"; sourceTree = "<group>"; };
		EB74548C1D74D75C002FBAE6 /* HelloWorld (iOS).app */ = {isa = PBXFileReference; explicitFileType = wrapper.application; includeInIndex = 0; path = "HelloWorld (iOS).app"; sourceTree = BUILT_PRODUCTS_DIR; };
		EB7454A61D74D846002FBAE6 /* iOS-Info.plist */ = {isa = PBXFileReference; fileEncoding = 4; lastKnownFileType = text.plist.xml; path = "iOS-Info.plist"; sourceTree = "<group>"; };
		EB7454A71D74D846002FBAE6 /* iOS.xcassets */ = {isa = PBXFileReference; lastKnownFileType = folder.assetcatalog; path = iOS.xcassets; sourceTree = "<group>"; };
		EB7454A81D74D846002FBAE6 /* Landscape.storyboard */ = {isa = PBXFileReference; fileEncoding = 4; lastKnownFileType = file.storyboard; path = Landscape.storyboard; sourceTree = "<group>"; };
		EB7454A91D74D846002FBAE6 /* Portrait.storyboard */ = {isa = PBXFileReference; fileEncoding = 4; lastKnownFileType = file.storyboard; path = Portrait.storyboard; sourceTree = "<group>"; };
		EBBF18911D74904A008E2001 /* HelloWorld (Mac).app */ = {isa = PBXFileReference; explicitFileType = wrapper.application; includeInIndex = 0; path = "HelloWorld (Mac).app"; sourceTree = BUILT_PRODUCTS_DIR; };
		EBBF189A1D74904A008E2001 /* Mac.xcassets */ = {isa = PBXFileReference; lastKnownFileType = folder.assetcatalog; path = Mac.xcassets; sourceTree = "<group>"; };
		EBBF189F1D74904A008E2001 /* Mac-Info.plist */ = {isa = PBXFileReference; lastKnownFileType = text.plist.xml; path = "Mac-Info.plist"; sourceTree = "<group>"; };
		EBC147141E27F07C005494CE /* AVFoundation.framework */ = {isa = PBXFileReference; lastKnownFileType = wrapper.framework; name = AVFoundation.framework; path = System/Library/Frameworks/AVFoundation.framework; sourceTree = SDKROOT; };
		EBC147191E27F0A8005494CE /* CoreGraphics.framework */ = {isa = PBXFileReference; lastKnownFileType = wrapper.framework; name = CoreGraphics.framework; path = System/Library/Frameworks/CoreGraphics.framework; sourceTree = SDKROOT; };
		EBC1471B1E27F0BB005494CE /* ImageIO.framework */ = {isa = PBXFileReference; lastKnownFileType = wrapper.framework; name = ImageIO.framework; path = System/Library/Frameworks/ImageIO.framework; sourceTree = SDKROOT; };
		EBC1471E1E27F122005494CE /* CoreAudio.framework */ = {isa = PBXFileReference; lastKnownFileType = wrapper.framework; name = CoreAudio.framework; path = Platforms/iPhoneOS.platform/Developer/SDKs/iPhoneOS10.2.sdk/System/Library/Frameworks/CoreAudio.framework; sourceTree = DEVELOPER_DIR; };
		EBC1471F1E27F122005494CE /* CoreGraphics.framework */ = {isa = PBXFileReference; lastKnownFileType = wrapper.framework; name = CoreGraphics.framework; path = Platforms/iPhoneOS.platform/Developer/SDKs/iPhoneOS10.2.sdk/System/Library/Frameworks/CoreGraphics.framework; sourceTree = DEVELOPER_DIR; };
		EBC147201E27F122005494CE /* CoreVideo.framework */ = {isa = PBXFileReference; lastKnownFileType = wrapper.framework; name = CoreVideo.framework; path = Platforms/iPhoneOS.platform/Developer/SDKs/iPhoneOS10.2.sdk/System/Library/Frameworks/CoreVideo.framework; sourceTree = DEVELOPER_DIR; };
		EBC147241E27F13E005494CE /* OpenGLES.framework */ = {isa = PBXFileReference; lastKnownFileType = wrapper.framework; name = OpenGLES.framework; path = Platforms/iPhoneOS.platform/Developer/SDKs/iPhoneOS10.2.sdk/System/Library/Frameworks/OpenGLES.framework; sourceTree = DEVELOPER_DIR; };
		EBC147251E27F13E005494CE /* QuartzCore.framework */ = {isa = PBXFileReference; lastKnownFileType = wrapper.framework; name = QuartzCore.framework; path = Platforms/iPhoneOS.platform/Developer/SDKs/iPhoneOS10.2.sdk/System/Library/Frameworks/QuartzCore.framework; sourceTree = DEVELOPER_DIR; };
		EBC147281E27F167005494CE /* ImageIO.framework */ = {isa = PBXFileReference; lastKnownFileType = wrapper.framework; name = ImageIO.framework; path = Platforms/iPhoneOS.platform/Developer/SDKs/iPhoneOS10.2.sdk/System/Library/Frameworks/ImageIO.framework; sourceTree = DEVELOPER_DIR; };
		EBC147291E27F167005494CE /* UIKit.framework */ = {isa = PBXFileReference; lastKnownFileType = wrapper.framework; name = UIKit.framework; path = Platforms/iPhoneOS.platform/Developer/SDKs/iPhoneOS10.2.sdk/System/Library/Frameworks/UIKit.framework; sourceTree = DEVELOPER_DIR; };
		EBC1472C1E27F190005494CE /* Accelerate.framework */ = {isa = PBXFileReference; lastKnownFileType = wrapper.framework; name = Accelerate.framework; path = Platforms/iPhoneOS.platform/Developer/SDKs/iPhoneOS10.2.sdk/System/Library/Frameworks/Accelerate.framework; sourceTree = DEVELOPER_DIR; };
		EBC1472D1E27F190005494CE /* Foundation.framework */ = {isa = PBXFileReference; lastKnownFileType = wrapper.framework; name = Foundation.framework; path = Platforms/iPhoneOS.platform/Developer/SDKs/iPhoneOS10.2.sdk/System/Library/Frameworks/Foundation.framework; sourceTree = DEVELOPER_DIR; };
		EBC147301E27F19E005494CE /* GameController.framework */ = {isa = PBXFileReference; lastKnownFileType = wrapper.framework; name = GameController.framework; path = Platforms/iPhoneOS.platform/Developer/SDKs/iPhoneOS10.2.sdk/System/Library/Frameworks/GameController.framework; sourceTree = DEVELOPER_DIR; };
		EBC147321E27F1B1005494CE /* MobileCoreServices.framework */ = {isa = PBXFileReference; lastKnownFileType = wrapper.framework; name = MobileCoreServices.framework; path = Platforms/iPhoneOS.platform/Developer/SDKs/iPhoneOS10.2.sdk/System/Library/Frameworks/MobileCoreServices.framework; sourceTree = DEVELOPER_DIR; };
		EBC147341E27F1C1005494CE /* AudioToolbox.framework */ = {isa = PBXFileReference; lastKnownFileType = wrapper.framework; name = AudioToolbox.framework; path = Platforms/iPhoneOS.platform/Developer/SDKs/iPhoneOS10.2.sdk/System/Library/Frameworks/AudioToolbox.framework; sourceTree = DEVELOPER_DIR; };
		EBC147351E27F1C1005494CE /* AVFoundation.framework */ = {isa = PBXFileReference; lastKnownFileType = wrapper.framework; name = AVFoundation.framework; path = Platforms/iPhoneOS.platform/Developer/SDKs/iPhoneOS10.2.sdk/System/Library/Frameworks/AVFoundation.framework; sourceTree = DEVELOPER_DIR; };
		EBC147381E27F254005494CE /* CoreMotion.framework */ = {isa = PBXFileReference; lastKnownFileType = wrapper.framework; name = CoreMotion.framework; path = Platforms/iPhoneOS.platform/Developer/SDKs/iPhoneOS10.2.sdk/System/Library/Frameworks/CoreMotion.framework; sourceTree = DEVELOPER_DIR; };
		EBC1478F1E280C03005494CE /* AudioUnit.framework */ = {isa = PBXFileReference; lastKnownFileType = wrapper.framework; name = AudioUnit.framework; path = Platforms/iPhoneOS.platform/Developer/SDKs/iPhoneOS10.2.sdk/System/Library/Frameworks/AudioUnit.framework; sourceTree = DEVELOPER_DIR; };
		EBFE7C041E19B496001007C2 /* json */ = {isa = PBXFileReference; lastKnownFileType = folder; path = json; sourceTree = "<group>"; };
/* End PBXFileReference section */

/* Begin PBXFrameworksBuildPhase section */
		EB7454891D74D75C002FBAE6 /* Frameworks */ = {
			isa = PBXFrameworksBuildPhase;
			buildActionMask = 2147483647;
			files = (
				EB4EB1A81E340511007BCF09 /* libcugl-ios.a in Frameworks */,
				EBC147211E27F122005494CE /* CoreAudio.framework in Frameworks */,
				EBC147221E27F122005494CE /* CoreGraphics.framework in Frameworks */,
				EBC147231E27F122005494CE /* CoreVideo.framework in Frameworks */,
				EBC147391E27F254005494CE /* CoreMotion.framework in Frameworks */,
				EBC147261E27F13E005494CE /* OpenGLES.framework in Frameworks */,
				EBC147271E27F13E005494CE /* QuartzCore.framework in Frameworks */,
				EBC1472A1E27F167005494CE /* ImageIO.framework in Frameworks */,
				EBC1472B1E27F167005494CE /* UIKit.framework in Frameworks */,
				EBC147371E27F1C1005494CE /* AVFoundation.framework in Frameworks */,
				EBC147361E27F1C1005494CE /* AudioToolbox.framework in Frameworks */,
				EBC147311E27F19E005494CE /* GameController.framework in Frameworks */,
				EBC1472E1E27F190005494CE /* Accelerate.framework in Frameworks */,
				EBC147331E27F1B1005494CE /* MobileCoreServices.framework in Frameworks */,
				EBC1472F1E27F190005494CE /* Foundation.framework in Frameworks */,
			);
			runOnlyForDeploymentPostprocessing = 0;
		};
		EBBF188E1D74904A008E2001 /* Frameworks */ = {
			isa = PBXFrameworksBuildPhase;
			buildActionMask = 2147483647;
			files = (
				EB4EB1A71E340509007BCF09 /* libcugl-mac.a in Frameworks */,
				EB2BE9C11D749908002FE78B /* Carbon.framework in Frameworks */,
				EB2BE9C21D749908002FE78B /* Cocoa.framework in Frameworks */,
				EB2BE9C01D749908002FE78B /* Accelerate.framework in Frameworks */,
				EB2BE9C91D749923002FE78B /* CoreAudio.framework in Frameworks */,
				EBC1471A1E27F0A8005494CE /* CoreGraphics.framework in Frameworks */,
				EB2BE9CA1D749923002FE78B /* CoreVideo.framework in Frameworks */,
				EB2BE9CC1D749937002FE78B /* OpenGL.framework in Frameworks */,
				EBC147151E27F07C005494CE /* AVFoundation.framework in Frameworks */,
				EB2BE9C61D749919002FE78B /* AudioUnit.framework in Frameworks */,
				EB2BE9C51D749919002FE78B /* AudioToolbox.framework in Frameworks */,
				EB2BE9D01D749953002FE78B /* IOKit.framework in Frameworks */,
				EBC1471C1E27F0BB005494CE /* ImageIO.framework in Frameworks */,
				EB2BE9CF1D749953002FE78B /* ForceFeedback.framework in Frameworks */,
			);
			runOnlyForDeploymentPostprocessing = 0;
		};
/* End PBXFrameworksBuildPhase section */

/* Begin PBXGroup section */
		9F1CCC151E67F56200F218F8 /* Syncing */ = {
			isa = PBXGroup;
			children = (
				9F1CCC181E67F57200F218F8 /* SyncController.cpp */,
				9F1CCC191E67F57200F218F8 /* SyncController.hpp */,
			);
			name = Syncing;
			sourceTree = "<group>";
		};
		9F1CCC221E69486300F218F8 /* MoveEvent */ = {
			isa = PBXGroup;
			children = (
				9F1CCC231E694A1C00F218F8 /* MoveEvent.hpp */,
			);
			name = MoveEvent;
			sourceTree = "<group>";
		};
		9FCE470A1E655BEA002F4A3E /* prototypes */ = {
			isa = PBXGroup;
			children = (
				9FE8E9DE1E63820E00DBE3BC /* MenuScreenData.cpp */,
				9FE8E9DF1E63820E00DBE3BC /* MenuScreenData.hpp */,
				9FFA3FCD1E6372830029D648 /* AnimationData.cpp */,
				9FFA3FCE1E6372830029D648 /* AnimationData.hpp */,
				9FFA3FC21E636EF80029D648 /* ObjectData.cpp */,
				9FFA3FC31E636EF80029D648 /* ObjectData.hpp */,
				9FFA3FCA1E6372670029D648 /* ShapeData.cpp */,
				9FFA3FCB1E6372670029D648 /* ShapeData.hpp */,
				9FFA3FD31E6373190029D648 /* pathData.cpp */,
				9FFA3FD41E6373190029D648 /* pathData.hpp */,
				9FCE470D1E655C79002F4A3E /* WaveData.cpp */,
				9FCE470E1E655C79002F4A3E /* WaveData.hpp */,
				9FCE47101E655D8B002F4A3E /* LevelData.cpp */,
				9FCE47111E655D8B002F4A3E /* LevelData.hpp */,
			);
			name = prototypes;
			sourceTree = "<group>";
		};
		9FCE47171E667430002F4A3E /* Switching */ = {
			isa = PBXGroup;
			children = (
				9FCE471A1E667448002F4A3E /* SwitchController.cpp */,
				9FCE471B1E667448002F4A3E /* SwitchController.hpp */,
			);
			name = Switching;
			sourceTree = "<group>";
		};
		9FE8E9D51E6381A300DBE3BC /* menu */ = {
			isa = PBXGroup;
			children = (
				9FE8E9D81E6381B100DBE3BC /* MenuController.cpp */,
				9FE8E9D91E6381B100DBE3BC /* MenuController.hpp */,
				9FE8E9DB1E6381D400DBE3BC /* MenuGraph.cpp */,
				9FE8E9DC1E6381D400DBE3BC /* MenuGraph.hpp */,
				9FCE471D1E6686DF002F4A3E /* Mode.cpp */,
				9FCE471E1E6686DF002F4A3E /* Mode.hpp */,
			);
			name = menu;
			sourceTree = "<group>";
		};
		9FE8E9E11E6382AF00DBE3BC /* Animation */ = {
			isa = PBXGroup;
			children = (
				9FE8E9E21E6382BC00DBE3BC /* AnimationController.cpp */,
				9FE8E9E31E6382BC00DBE3BC /* AnimationController.hpp */,
				9FE8E9E51E6382C800DBE3BC /* ActiveAnimation.cpp */,
				9FE8E9E61E6382C800DBE3BC /* ActiveAnimation.hpp */,
			);
			name = Animation;
			sourceTree = "<group>";
		};
		9FFA3F631E625E490029D648 /* models */ = {
			isa = PBXGroup;
			children = (
				9FFA3F6A1E634F3A0029D648 /* GameObject.cpp */,
				9FFA3F6B1E634F3A0029D648 /* GameObject.hpp */,
			);
			name = models;
			sourceTree = "<group>";
		};
		9FFA3F701E6352B90029D648 /* physics */ = {
			isa = PBXGroup;
			children = (
				9FFA3F851E635E8B0029D648 /* collisionEvent */,
				9FFA3F741E63574E0029D648 /* PhysicsComponent.cpp */,
				9FFA3F751E63574E0029D648 /* PhysicsComponent.hpp */,
				9FFA3F891E6362570029D648 /* CollisionController.cpp */,
				9FFA3F8A1E6362570029D648 /* CollisionController.hpp */,
				9FFA3F5E1E624F1A0029D648 /* Element.cpp */,
				9FFA3F5F1E624F1A0029D648 /* Element.hpp */,
			);
			name = physics;
			sourceTree = "<group>";
		};
		9FFA3F771E6357AE0029D648 /* util */ = {
			isa = PBXGroup;
			children = (
				9FFA3FA01E6367590029D648 /* path */,
				9FFA3F7E1E6357FE0029D648 /* observer */,
			);
			name = util;
			sourceTree = "<group>";
		};
		9FFA3F7E1E6357FE0029D648 /* observer */ = {
			isa = PBXGroup;
			children = (
				9FFA3F7F1E635ABC0029D648 /* event */,
				9FFA3F781E6357D10029D648 /* Subject.cpp */,
				9FFA3F791E6357D10029D648 /* Subject.hpp */,
				9FFA3F7B1E6357E00029D648 /* Observer.cpp */,
				9FFA3F7C1E6357E00029D648 /* Observer.hpp */,
			);
			name = observer;
			sourceTree = "<group>";
		};
		9FFA3F7F1E635ABC0029D648 /* event */ = {
			isa = PBXGroup;
			children = (
				9FFA3F801E635ACF0029D648 /* Event.cpp */,
				9FFA3F811E635ACF0029D648 /* Event.hpp */,
			);
			name = event;
			sourceTree = "<group>";
		};
		9FFA3F851E635E8B0029D648 /* collisionEvent */ = {
			isa = PBXGroup;
			children = (
				9FFA3F861E635FD10029D648 /* CollisionEvent.cpp */,
				9FFA3F871E635FD10029D648 /* CollisionEvent.hpp */,
			);
			name = collisionEvent;
			sourceTree = "<group>";
		};
		9FFA3F921E6364AB0029D648 /* pathControls */ = {
			isa = PBXGroup;
			children = (
				9FFA3F991E6365660029D648 /* PathEvent */,
				9FFA3F961E6365390029D648 /* PathController.cpp */,
				9FFA3F971E6365390029D648 /* PathController.hpp */,
			);
			name = pathControls;
			sourceTree = "<group>";
		};
		9FFA3F991E6365660029D648 /* PathEvent */ = {
			isa = PBXGroup;
			children = (
				9FFA3F9D1E6365840029D648 /* PathEvent.cpp */,
				9FFA3F9E1E6365840029D648 /* PathEvent.hpp */,
			);
			name = PathEvent;
			sourceTree = "<group>";
		};
		9FFA3FA01E6367590029D648 /* path */ = {
			isa = PBXGroup;
			children = (
				9FFA3F931E6364C70029D648 /* Path.cpp */,
				9FFA3F941E6364C70029D648 /* Path.hpp */,
			);
			name = path;
			sourceTree = "<group>";
		};
		9FFA3FA11E6367820029D648 /* movement */ = {
			isa = PBXGroup;
			children = (
				9F1CCC221E69486300F218F8 /* MoveEvent */,
				9FFA3FA31E6367AA0029D648 /* enemy */,
				9FFA3FA21E6367A00029D648 /* player */,
				9FFA3FA41E6367C60029D648 /* ActivePath.cpp */,
				9FFA3FA51E6367C60029D648 /* ActivePath.hpp */,
				9F1CCC1F1E692F3B00F218F8 /* PathParameters.h */,
			);
			name = movement;
			sourceTree = "<group>";
		};
		9FFA3FA21E6367A00029D648 /* player */ = {
			isa = PBXGroup;
			children = (
				9FFA3FA71E6368480029D648 /* MoveController.cpp */,
				9FFA3FA81E6368480029D648 /* MoveController.hpp */,
			);
			name = player;
			sourceTree = "<group>";
		};
		9FFA3FA31E6367AA0029D648 /* enemy */ = {
			isa = PBXGroup;
			children = (
				9FFA3FAE1E636B780029D648 /* AIController.cpp */,
				9FFA3FAF1E636B780029D648 /* AIController.hpp */,
			);
			name = enemy;
			sourceTree = "<group>";
		};
		9FFA3FAA1E636B350029D648 /* base */ = {
			isa = PBXGroup;
			children = (
				DFBD54651E60E4920027FCC1 /* GameEngine.cpp */,
				DFBD54661E60E4920027FCC1 /* GameEngine.hpp */,
				9FFA3F8F1E6363030029D648 /* BaseController.cpp */,
				9FFA3F901E6363030029D648 /* BaseController.hpp */,
			);
			name = base;
			sourceTree = "<group>";
		};
		9FFA3FB41E636BED0029D648 /* gameplay */ = {
			isa = PBXGroup;
			children = (
				9FFA3FAB1E636B430029D648 /* GameState.cpp */,
				9FFA3FAC1E636B430029D648 /* GameState.hpp */,
				DFBD546D1E60E62D0027FCC1 /* GameplayController.cpp */,
				DFBD546E1E60E62D0027FCC1 /* GameplayController.hpp */,
			);
			name = gameplay;
			sourceTree = "<group>";
		};
		9FFA3FB51E636C330029D648 /* level */ = {
			isa = PBXGroup;
			children = (
				9FFA3FD91E6373640029D648 /* LevelEvent */,
				9FFA3FB61E636C540029D648 /* LevelController.cpp */,
				9FFA3FB71E636C540029D648 /* LevelController.hpp */,
				9FFA3FBC1E636CF90029D648 /* Level.cpp */,
				9FFA3FBD1E636CF90029D648 /* Level.hpp */,
			);
			name = level;
			sourceTree = "<group>";
		};
		9FFA3FC81E6372440029D648 /* load */ = {
			isa = PBXGroup;
			children = (
				9FCE470A1E655BEA002F4A3E /* prototypes */,
				9FFA3FE01E6374C90029D648 /* Data.cpp */,
				9FFA3FE11E6374C90029D648 /* Data.hpp */,
				9FFA3FD61E6373470029D648 /* LoadController.cpp */,
				9FFA3FD71E6373470029D648 /* LoadController.hpp */,
				9FFA3FBF1E636D220029D648 /* World.cpp */,
				9FFA3FC01E636D220029D648 /* World.hpp */,
				9FC16A9C1E74E8E80040661D /* GenericAssetManager.cpp */,
				9FC16A9D1E74E8E80040661D /* GenericAssetManager.hpp */,
			);
			name = load;
			sourceTree = "<group>";
		};
		9FFA3FD91E6373640029D648 /* LevelEvent */ = {
			isa = PBXGroup;
			children = (
				9FFA3FDA1E6373770029D648 /* LevelEvent.cpp */,
				9FFA3FDB1E6373770029D648 /* LevelEvent.hpp */,
			);
			name = LevelEvent;
			sourceTree = "<group>";
		};
		EB2BE9B71D749870002FE78B /* Assets */ = {
			isa = PBXGroup;
			children = (
				EBFE7C041E19B496001007C2 /* json */,
				EB2BE9BA1D7498D2002FE78B /* textures */,
				EB2BE9B81D7498C9002FE78B /* fonts */,
			);
			name = Assets;
			path = ../assets;
			sourceTree = "<group>";
		};
		EB4880FC1D74AAB600EFC946 /* Frameworks */ = {
			isa = PBXGroup;
			children = (
				EB7454B11D74D8B7002FBAE6 /* iOS */,
				EB7454B01D74D8A9002FBAE6 /* Mac */,
			);
			name = Frameworks;
			sourceTree = "<group>";
		};
		EB4EB19E1E3404F3007BCF09 /* Products */ = {
			isa = PBXGroup;
			children = (
				EB4EB1A41E3404F3007BCF09 /* libcugl-ios.a */,
				EB4EB1A61E3404F3007BCF09 /* libcugl-mac.a */,
			);
			name = Products;
			sourceTree = "<group>";
		};
		EB7454B01D74D8A9002FBAE6 /* Mac */ = {
			isa = PBXGroup;
			children = (
				EB2BE9CB1D749937002FE78B /* OpenGL.framework */,
				EB2BE9C71D749923002FE78B /* CoreAudio.framework */,
				EBC147191E27F0A8005494CE /* CoreGraphics.framework */,
				EB2BE9C81D749923002FE78B /* CoreVideo.framework */,
				EB2BE9CE1D749953002FE78B /* IOKit.framework */,
				EBC1471B1E27F0BB005494CE /* ImageIO.framework */,
				EBC147141E27F07C005494CE /* AVFoundation.framework */,
				EB2BE9C31D749919002FE78B /* AudioToolbox.framework */,
				EB2BE9C41D749919002FE78B /* AudioUnit.framework */,
				EB2BE9BD1D749908002FE78B /* Accelerate.framework */,
				EB2BE9BE1D749908002FE78B /* Carbon.framework */,
				EB2BE9BF1D749908002FE78B /* Cocoa.framework */,
				EB2BE9CD1D749953002FE78B /* ForceFeedback.framework */,
			);
			name = Mac;
			sourceTree = "<group>";
		};
		EB7454B11D74D8B7002FBAE6 /* iOS */ = {
			isa = PBXGroup;
			children = (
				EBC1471E1E27F122005494CE /* CoreAudio.framework */,
				EBC1471F1E27F122005494CE /* CoreGraphics.framework */,
				EBC147381E27F254005494CE /* CoreMotion.framework */,
				EBC147201E27F122005494CE /* CoreVideo.framework */,
				EBC147241E27F13E005494CE /* OpenGLES.framework */,
				EBC147251E27F13E005494CE /* QuartzCore.framework */,
				EBC147281E27F167005494CE /* ImageIO.framework */,
				EBC147291E27F167005494CE /* UIKit.framework */,
				EBC147351E27F1C1005494CE /* AVFoundation.framework */,
				EBC147341E27F1C1005494CE /* AudioToolbox.framework */,
				EBC1478F1E280C03005494CE /* AudioUnit.framework */,
				EBC147301E27F19E005494CE /* GameController.framework */,
				EBC147321E27F1B1005494CE /* MobileCoreServices.framework */,
				EBC1472C1E27F190005494CE /* Accelerate.framework */,
				EBC1472D1E27F190005494CE /* Foundation.framework */,
			);
			name = iOS;
			sourceTree = "<group>";
		};
		EBBF18881D74904A008E2001 = {
			isa = PBXGroup;
			children = (
				EBBF18B11D749176008E2001 /* Source */,
				EB2BE9B71D749870002FE78B /* Assets */,
				EBBF18931D74904A008E2001 /* Resources */,
				EB4880FC1D74AAB600EFC946 /* Frameworks */,
				EBBF18921D74904A008E2001 /* Products */,
				EB4EB19D1E3404F3007BCF09 /* CUGL.xcodeproj */,
			);
			sourceTree = "<group>";
		};
		EBBF18921D74904A008E2001 /* Products */ = {
			isa = PBXGroup;
			children = (
				EBBF18911D74904A008E2001 /* HelloWorld (Mac).app */,
				EB74548C1D74D75C002FBAE6 /* HelloWorld (iOS).app */,
			);
			name = Products;
			sourceTree = "<group>";
		};
		EBBF18931D74904A008E2001 /* Resources */ = {
			isa = PBXGroup;
			children = (
				EB7454A61D74D846002FBAE6 /* iOS-Info.plist */,
				EB7454A71D74D846002FBAE6 /* iOS.xcassets */,
				EB7454A81D74D846002FBAE6 /* Landscape.storyboard */,
				EB7454A91D74D846002FBAE6 /* Portrait.storyboard */,
				EBBF189A1D74904A008E2001 /* Mac.xcassets */,
				EBBF189F1D74904A008E2001 /* Mac-Info.plist */,
			);
			path = Resources;
			sourceTree = "<group>";
		};
		EBBF18B11D749176008E2001 /* Source */ = {
			isa = PBXGroup;
			children = (
				9F1CCC151E67F56200F218F8 /* Syncing */,
				9FCE47171E667430002F4A3E /* Switching */,
				9FE8E9E11E6382AF00DBE3BC /* Animation */,
				9FE8E9D51E6381A300DBE3BC /* menu */,
				9FFA3FC81E6372440029D648 /* load */,
				9FFA3FB51E636C330029D648 /* level */,
				9FFA3FB41E636BED0029D648 /* gameplay */,
				9FFA3FAA1E636B350029D648 /* base */,
				9FFA3FA11E6367820029D648 /* movement */,
				9FFA3F921E6364AB0029D648 /* pathControls */,
				9FFA3F701E6352B90029D648 /* physics */,
				9FFA3F771E6357AE0029D648 /* util */,
				9FFA3F631E625E490029D648 /* models */,
				EB2BE9B41D74952A002FE78B /* main.cpp */,
			);
			name = Source;
			path = ../source;
			sourceTree = "<group>";
		};
/* End PBXGroup section */

/* Begin PBXNativeTarget section */
		EB74548B1D74D75C002FBAE6 /* HelloWorld (iOS) */ = {
			isa = PBXNativeTarget;
			buildConfigurationList = EB7454A01D74D75C002FBAE6 /* Build configuration list for PBXNativeTarget "HelloWorld (iOS)" */;
			buildPhases = (
				EB7454881D74D75C002FBAE6 /* Sources */,
				EB7454891D74D75C002FBAE6 /* Frameworks */,
				EB74548A1D74D75C002FBAE6 /* Resources */,
			);
			buildRules = (
			);
			dependencies = (
			);
			name = "HelloWorld (iOS)";
			productName = "CUGL Demo (iOS)";
			productReference = EB74548C1D74D75C002FBAE6 /* HelloWorld (iOS).app */;
			productType = "com.apple.product-type.application";
		};
		EBBF18901D74904A008E2001 /* HelloWorld (Mac) */ = {
			isa = PBXNativeTarget;
			buildConfigurationList = EBBF18A21D74904A008E2001 /* Build configuration list for PBXNativeTarget "HelloWorld (Mac)" */;
			buildPhases = (
				EBBF188D1D74904A008E2001 /* Sources */,
				EBBF188E1D74904A008E2001 /* Frameworks */,
				EBBF188F1D74904A008E2001 /* Resources */,
			);
			buildRules = (
			);
			dependencies = (
			);
			name = "HelloWorld (Mac)";
			productName = "CUGL Demo";
			productReference = EBBF18911D74904A008E2001 /* HelloWorld (Mac).app */;
			productType = "com.apple.product-type.application";
		};
/* End PBXNativeTarget section */

/* Begin PBXProject section */
		EBBF18891D74904A008E2001 /* Project object */ = {
			isa = PBXProject;
			attributes = {
				LastUpgradeCheck = 0820;
				ORGANIZATIONNAME = "Game Design Initiative at Cornell";
				TargetAttributes = {
					EB74548B1D74D75C002FBAE6 = {
						CreatedOnToolsVersion = 7.3.1;
						DevelopmentTeam = G6P7H83FK6;
					};
					EBBF18901D74904A008E2001 = {
						CreatedOnToolsVersion = 7.3.1;
					};
				};
			};
			buildConfigurationList = EBBF188C1D74904A008E2001 /* Build configuration list for PBXProject "Canon" */;
			compatibilityVersion = "Xcode 3.2";
			developmentRegion = English;
			hasScannedForEncodings = 0;
			knownRegions = (
				en,
				Base,
			);
			mainGroup = EBBF18881D74904A008E2001;
			productRefGroup = EBBF18921D74904A008E2001 /* Products */;
			projectDirPath = "";
			projectReferences = (
				{
					ProductGroup = EB4EB19E1E3404F3007BCF09 /* Products */;
					ProjectRef = EB4EB19D1E3404F3007BCF09 /* CUGL.xcodeproj */;
				},
			);
			projectRoot = "";
			targets = (
				EBBF18901D74904A008E2001 /* HelloWorld (Mac) */,
				EB74548B1D74D75C002FBAE6 /* HelloWorld (iOS) */,
			);
		};
/* End PBXProject section */

/* Begin PBXReferenceProxy section */
		EB4EB1A41E3404F3007BCF09 /* libcugl-ios.a */ = {
			isa = PBXReferenceProxy;
			fileType = archive.ar;
			path = "libcugl-ios.a";
			remoteRef = EB4EB1A31E3404F3007BCF09 /* PBXContainerItemProxy */;
			sourceTree = BUILT_PRODUCTS_DIR;
		};
		EB4EB1A61E3404F3007BCF09 /* libcugl-mac.a */ = {
			isa = PBXReferenceProxy;
			fileType = archive.ar;
			path = "libcugl-mac.a";
			remoteRef = EB4EB1A51E3404F3007BCF09 /* PBXContainerItemProxy */;
			sourceTree = BUILT_PRODUCTS_DIR;
		};
/* End PBXReferenceProxy section */

/* Begin PBXResourcesBuildPhase section */
		EB74548A1D74D75C002FBAE6 /* Resources */ = {
			isa = PBXResourcesBuildPhase;
			buildActionMask = 2147483647;
			files = (
				EB7454D01D750623002FBAE6 /* textures in Resources */,
				EB7454D11D750623002FBAE6 /* fonts in Resources */,
				EB7454AB1D74D846002FBAE6 /* iOS.xcassets in Resources */,
				EB7454AC1D74D846002FBAE6 /* Landscape.storyboard in Resources */,
				EBFE7C051E19B496001007C2 /* json in Resources */,
				EB7454AD1D74D846002FBAE6 /* Portrait.storyboard in Resources */,
			);
			runOnlyForDeploymentPostprocessing = 0;
		};
		EBBF188F1D74904A008E2001 /* Resources */ = {
			isa = PBXResourcesBuildPhase;
			buildActionMask = 2147483647;
			files = (
				EBFE7C091E19B4AC001007C2 /* json in Resources */,
				EB2BE9BB1D7498D2002FE78B /* textures in Resources */,
				EB2BE9B91D7498C9002FE78B /* fonts in Resources */,
				EBBF189B1D74904A008E2001 /* Mac.xcassets in Resources */,
			);
			runOnlyForDeploymentPostprocessing = 0;
		};
/* End PBXResourcesBuildPhase section */

/* Begin PBXSourcesBuildPhase section */
		EB7454881D74D75C002FBAE6 /* Sources */ = {
			isa = PBXSourcesBuildPhase;
			buildActionMask = 2147483647;
			files = (
				9FC16A9F1E74E8E80040661D /* GenericAssetManager.cpp in Sources */,
				DFBD54681E60E4920027FCC1 /* GameEngine.cpp in Sources */,
				EB7454AE1D74D891002FBAE6 /* main.cpp in Sources */,
				DFBD54701E60E62D0027FCC1 /* GameplayController.cpp in Sources */,
			);
			runOnlyForDeploymentPostprocessing = 0;
		};
		EBBF188D1D74904A008E2001 /* Sources */ = {
			isa = PBXSourcesBuildPhase;
			buildActionMask = 2147483647;
			files = (
				9FFA3FDC1E6373770029D648 /* LevelEvent.cpp in Sources */,
				DFBD54671E60E4920027FCC1 /* GameEngine.cpp in Sources */,
				EB2BE9B61D74952A002FE78B /* main.cpp in Sources */,
				9FFA3FB01E636B780029D648 /* AIController.cpp in Sources */,
				9FCE47121E655D8B002F4A3E /* LevelData.cpp in Sources */,
				9FE8E9DD1E6381D400DBE3BC /* MenuGraph.cpp in Sources */,
				9FFA3F9F1E6365840029D648 /* PathEvent.cpp in Sources */,
				9FFA3F951E6364C70029D648 /* Path.cpp in Sources */,
				9FFA3FBE1E636CF90029D648 /* Level.cpp in Sources */,
				9F1CCC1A1E67F57200F218F8 /* SyncController.cpp in Sources */,
				9FE8E9E01E63820E00DBE3BC /* MenuScreenData.cpp in Sources */,
				9FFA3FD51E6373190029D648 /* pathData.cpp in Sources */,
				9FFA3FE21E6374C90029D648 /* Data.cpp in Sources */,
				9FFA3F911E6363030029D648 /* BaseController.cpp in Sources */,
				9FFA3FC41E636EF80029D648 /* ObjectData.cpp in Sources */,
				9FFA3F7A1E6357D10029D648 /* Subject.cpp in Sources */,
				9FFA3F821E635ACF0029D648 /* Event.cpp in Sources */,
				9FE8E9E71E6382C800DBE3BC /* ActiveAnimation.cpp in Sources */,
				9FFA3FB81E636C540029D648 /* LevelController.cpp in Sources */,
				9FFA3FAD1E636B430029D648 /* GameState.cpp in Sources */,
				9FE8E9E41E6382BC00DBE3BC /* AnimationController.cpp in Sources */,
				9FFA3F981E6365390029D648 /* PathController.cpp in Sources */,
				9FFA3FCF1E6372830029D648 /* AnimationData.cpp in Sources */,
				9FFA3FA61E6367C60029D648 /* ActivePath.cpp in Sources */,
				9FFA3F6C1E634F3A0029D648 /* GameObject.cpp in Sources */,
				9FFA3F601E624F1A0029D648 /* Element.cpp in Sources */,
				9FFA3F7D1E6357E00029D648 /* Observer.cpp in Sources */,
				9FFA3FCC1E6372670029D648 /* ShapeData.cpp in Sources */,
				9FCE470F1E655C79002F4A3E /* WaveData.cpp in Sources */,
				DFBD546F1E60E62D0027FCC1 /* GameplayController.cpp in Sources */,
				9FE8E9DA1E6381B100DBE3BC /* MenuController.cpp in Sources */,
				9FCE471F1E6686DF002F4A3E /* Mode.cpp in Sources */,
				9FC16A9E1E74E8E80040661D /* GenericAssetManager.cpp in Sources */,
				9FFA3FA91E6368480029D648 /* MoveController.cpp in Sources */,
				9FFA3FD81E6373470029D648 /* LoadController.cpp in Sources */,
				9FFA3F8B1E6362570029D648 /* CollisionController.cpp in Sources */,
				9FFA3F761E63574E0029D648 /* PhysicsComponent.cpp in Sources */,
				9FCE471C1E667448002F4A3E /* SwitchController.cpp in Sources */,
				9FFA3FC11E636D220029D648 /* World.cpp in Sources */,
				9FFA3F881E635FD10029D648 /* CollisionEvent.cpp in Sources */,
			);
			runOnlyForDeploymentPostprocessing = 0;
		};
/* End PBXSourcesBuildPhase section */

/* Begin XCBuildConfiguration section */
		EB7454A11D74D75C002FBAE6 /* Debug */ = {
			isa = XCBuildConfiguration;
			buildSettings = {
				ASSETCATALOG_COMPILER_APPICON_NAME = AppIcon;
				CLANG_CXX_LANGUAGE_STANDARD = "c++0x";
				CLANG_ENABLE_MODULES = YES;
				CLANG_ENABLE_OBJC_ARC = YES;
				CODE_SIGN_IDENTITY = "iPhone Developer";
				"CODE_SIGN_IDENTITY[sdk=iphoneos*]" = "iPhone Developer";
				ENABLE_BITCODE = NO;
				GCC_C_LANGUAGE_STANDARD = gnu99;
				INFOPLIST_FILE = "$(SRCROOT)/Resources/iOS-Info.plist";
				IPHONEOS_DEPLOYMENT_TARGET = 8.1;
				LD_RUNPATH_SEARCH_PATHS = "$(inherited) @executable_path/Frameworks";
				MACOSX_DEPLOYMENT_TARGET = 10.9;
				PRODUCT_BUNDLE_IDENTIFIER = edu.cornell.gdiac.ios.HelloWorld;
				PRODUCT_NAME = "$(TARGET_NAME)";
				SDKROOT = iphoneos;
				TARGETED_DEVICE_FAMILY = "1,2";
			};
			name = Debug;
		};
		EB7454A21D74D75C002FBAE6 /* Release */ = {
			isa = XCBuildConfiguration;
			buildSettings = {
				ASSETCATALOG_COMPILER_APPICON_NAME = AppIcon;
				CLANG_CXX_LANGUAGE_STANDARD = "c++0x";
				CLANG_ENABLE_MODULES = YES;
				CLANG_ENABLE_OBJC_ARC = YES;
				CODE_SIGN_IDENTITY = "iPhone Developer";
				"CODE_SIGN_IDENTITY[sdk=iphoneos*]" = "iPhone Developer";
				ENABLE_BITCODE = NO;
				GCC_C_LANGUAGE_STANDARD = gnu99;
				INFOPLIST_FILE = "$(SRCROOT)/Resources/iOS-Info.plist";
				IPHONEOS_DEPLOYMENT_TARGET = 8.1;
				LD_RUNPATH_SEARCH_PATHS = "$(inherited) @executable_path/Frameworks";
				MACOSX_DEPLOYMENT_TARGET = 10.9;
				PRODUCT_BUNDLE_IDENTIFIER = edu.cornell.gdiac.ios.HelloWorld;
				PRODUCT_NAME = "$(TARGET_NAME)";
				SDKROOT = iphoneos;
				TARGETED_DEVICE_FAMILY = "1,2";
				VALIDATE_PRODUCT = YES;
			};
			name = Release;
		};
		EBBF18A01D74904A008E2001 /* Debug */ = {
			isa = XCBuildConfiguration;
			buildSettings = {
				ALWAYS_SEARCH_USER_PATHS = NO;
				CLANG_ANALYZER_NONNULL = YES;
				CLANG_CXX_LANGUAGE_STANDARD = "c++0x";
				CLANG_CXX_LIBRARY = "libc++";
				CLANG_ENABLE_MODULES = NO;
				CLANG_ENABLE_OBJC_ARC = NO;
				CLANG_WARN_BOOL_CONVERSION = YES;
				CLANG_WARN_CONSTANT_CONVERSION = YES;
				CLANG_WARN_DIRECT_OBJC_ISA_USAGE = YES_ERROR;
				CLANG_WARN_DOCUMENTATION_COMMENTS = NO;
				CLANG_WARN_EMPTY_BODY = YES;
				CLANG_WARN_ENUM_CONVERSION = YES;
				CLANG_WARN_INFINITE_RECURSION = YES;
				CLANG_WARN_INT_CONVERSION = YES;
				CLANG_WARN_OBJC_ROOT_CLASS = YES_ERROR;
				CLANG_WARN_SUSPICIOUS_MOVE = YES;
				CLANG_WARN_UNREACHABLE_CODE = YES;
				CLANG_WARN__DUPLICATE_METHOD_MATCH = YES;
				CODE_SIGN_IDENTITY = "-";
				COPY_PHASE_STRIP = NO;
				CUGL_INCLUDES = "\"$(SRCROOT)/../cugl/include\"";
				DEBUG_INFORMATION_FORMAT = dwarf;
				ENABLE_STRICT_OBJC_MSGSEND = YES;
				ENABLE_TESTABILITY = YES;
				GCC_C_LANGUAGE_STANDARD = "compiler-default";
				GCC_DYNAMIC_NO_PIC = NO;
				GCC_NO_COMMON_BLOCKS = YES;
				GCC_OPTIMIZATION_LEVEL = 0;
				GCC_PREPROCESSOR_DEFINITIONS = (
					"DEBUG=1",
					"$(inherited)",
				);
				GCC_WARN_64_TO_32_BIT_CONVERSION = YES;
				GCC_WARN_ABOUT_RETURN_TYPE = YES_ERROR;
				GCC_WARN_UNDECLARED_SELECTOR = YES;
				GCC_WARN_UNINITIALIZED_AUTOS = YES_AGGRESSIVE;
				GCC_WARN_UNUSED_FUNCTION = YES;
				GCC_WARN_UNUSED_VARIABLE = YES;
				HEADER_SEARCH_PATHS = "$(CUGL_INCLUDES)";
				MACOSX_DEPLOYMENT_TARGET = 10.11;
				MTL_ENABLE_DEBUG_INFO = YES;
				ONLY_ACTIVE_ARCH = YES;
				SDKROOT = macosx;
			};
			name = Debug;
		};
		EBBF18A11D74904A008E2001 /* Release */ = {
			isa = XCBuildConfiguration;
			buildSettings = {
				ALWAYS_SEARCH_USER_PATHS = NO;
				CLANG_ANALYZER_NONNULL = YES;
				CLANG_CXX_LANGUAGE_STANDARD = "c++0x";
				CLANG_CXX_LIBRARY = "libc++";
				CLANG_ENABLE_MODULES = NO;
				CLANG_ENABLE_OBJC_ARC = NO;
				CLANG_WARN_BOOL_CONVERSION = YES;
				CLANG_WARN_CONSTANT_CONVERSION = YES;
				CLANG_WARN_DIRECT_OBJC_ISA_USAGE = YES_ERROR;
				CLANG_WARN_DOCUMENTATION_COMMENTS = NO;
				CLANG_WARN_EMPTY_BODY = YES;
				CLANG_WARN_ENUM_CONVERSION = YES;
				CLANG_WARN_INFINITE_RECURSION = YES;
				CLANG_WARN_INT_CONVERSION = YES;
				CLANG_WARN_OBJC_ROOT_CLASS = YES_ERROR;
				CLANG_WARN_SUSPICIOUS_MOVE = YES;
				CLANG_WARN_UNREACHABLE_CODE = YES;
				CLANG_WARN__DUPLICATE_METHOD_MATCH = YES;
				CODE_SIGN_IDENTITY = "-";
				COPY_PHASE_STRIP = NO;
				CUGL_INCLUDES = "\"$(SRCROOT)/../cugl/include\"";
				DEBUG_INFORMATION_FORMAT = "dwarf-with-dsym";
				ENABLE_NS_ASSERTIONS = NO;
				ENABLE_STRICT_OBJC_MSGSEND = YES;
				GCC_C_LANGUAGE_STANDARD = "compiler-default";
				GCC_NO_COMMON_BLOCKS = YES;
				GCC_WARN_64_TO_32_BIT_CONVERSION = YES;
				GCC_WARN_ABOUT_RETURN_TYPE = YES_ERROR;
				GCC_WARN_UNDECLARED_SELECTOR = YES;
				GCC_WARN_UNINITIALIZED_AUTOS = YES_AGGRESSIVE;
				GCC_WARN_UNUSED_FUNCTION = YES;
				GCC_WARN_UNUSED_VARIABLE = YES;
				HEADER_SEARCH_PATHS = "$(CUGL_INCLUDES)";
				MACOSX_DEPLOYMENT_TARGET = 10.11;
				MTL_ENABLE_DEBUG_INFO = NO;
				SDKROOT = macosx;
			};
			name = Release;
		};
		EBBF18A31D74904A008E2001 /* Debug */ = {
			isa = XCBuildConfiguration;
			buildSettings = {
				ASSETCATALOG_COMPILER_APPICON_NAME = AppIcon;
				COMBINE_HIDPI_IMAGES = YES;
				HEADER_SEARCH_PATHS = (
					"$(CUGL_INCLUDES)",
					"\"$(SRCROOT)/Source",
				);
				INFOPLIST_FILE = "$(SRCROOT)/Resources/Mac-Info.plist";
				LD_RUNPATH_SEARCH_PATHS = "$(inherited) @executable_path/../Frameworks";
				MACOSX_DEPLOYMENT_TARGET = 10.10;
				PRODUCT_BUNDLE_IDENTIFIER = edu.cornell.gdiac.mac.HelloWorld;
				PRODUCT_NAME = "$(TARGET_NAME)";
			};
			name = Debug;
		};
		EBBF18A41D74904A008E2001 /* Release */ = {
			isa = XCBuildConfiguration;
			buildSettings = {
				ASSETCATALOG_COMPILER_APPICON_NAME = AppIcon;
				COMBINE_HIDPI_IMAGES = YES;
				HEADER_SEARCH_PATHS = (
					"$(CUGL_INCLUDES)",
					"\"$(SRCROOT)/Source",
				);
				INFOPLIST_FILE = "$(SRCROOT)/Resources/Mac-Info.plist";
				LD_RUNPATH_SEARCH_PATHS = "$(inherited) @executable_path/../Frameworks";
				MACOSX_DEPLOYMENT_TARGET = 10.10;
				PRODUCT_BUNDLE_IDENTIFIER = edu.cornell.gdiac.mac.HelloWorld;
				PRODUCT_NAME = "$(TARGET_NAME)";
			};
			name = Release;
		};
/* End XCBuildConfiguration section */

/* Begin XCConfigurationList section */
		EB7454A01D74D75C002FBAE6 /* Build configuration list for PBXNativeTarget "HelloWorld (iOS)" */ = {
			isa = XCConfigurationList;
			buildConfigurations = (
				EB7454A11D74D75C002FBAE6 /* Debug */,
				EB7454A21D74D75C002FBAE6 /* Release */,
			);
			defaultConfigurationIsVisible = 0;
			defaultConfigurationName = Release;
		};
		EBBF188C1D74904A008E2001 /* Build configuration list for PBXProject "Canon" */ = {
			isa = XCConfigurationList;
			buildConfigurations = (
				EBBF18A01D74904A008E2001 /* Debug */,
				EBBF18A11D74904A008E2001 /* Release */,
			);
			defaultConfigurationIsVisible = 0;
			defaultConfigurationName = Release;
		};
		EBBF18A21D74904A008E2001 /* Build configuration list for PBXNativeTarget "HelloWorld (Mac)" */ = {
			isa = XCConfigurationList;
			buildConfigurations = (
				EBBF18A31D74904A008E2001 /* Debug */,
				EBBF18A41D74904A008E2001 /* Release */,
			);
			defaultConfigurationIsVisible = 0;
			defaultConfigurationName = Release;
		};
/* End XCConfigurationList section */
	};
	rootObject = EBBF18891D74904A008E2001 /* Project object */;
}
